// !$*UTF8*$!
{
	archiveVersion = 1;
	classes = {
	};
	objectVersion = 50;
	objects = {

/* Begin PBXBuildFile section */
		885B066C23ADA50600A38A82 /* AppDelegate.swift in Sources */ = {isa = PBXBuildFile; fileRef = 885B066B23ADA50600A38A82 /* AppDelegate.swift */; };
		885B066E23ADA50600A38A82 /* SceneDelegate.swift in Sources */ = {isa = PBXBuildFile; fileRef = 885B066D23ADA50600A38A82 /* SceneDelegate.swift */; };
		885B067023ADA50600A38A82 /* ViewController.swift in Sources */ = {isa = PBXBuildFile; fileRef = 885B066F23ADA50600A38A82 /* ViewController.swift */; };
		885B067323ADA50600A38A82 /* Main.storyboard in Resources */ = {isa = PBXBuildFile; fileRef = 885B067123ADA50600A38A82 /* Main.storyboard */; };
		885B067523ADA50A00A38A82 /* Assets.xcassets in Resources */ = {isa = PBXBuildFile; fileRef = 885B067423ADA50A00A38A82 /* Assets.xcassets */; };
		885B067823ADA50A00A38A82 /* LaunchScreen.storyboard in Resources */ = {isa = PBXBuildFile; fileRef = 885B067623ADA50A00A38A82 /* LaunchScreen.storyboard */; };
/* End PBXBuildFile section */

/* Begin PBXFileReference section */
		885B066823ADA50600A38A82 /* BobMeokJa.app */ = {isa = PBXFileReference; explicitFileType = wrapper.application; includeInIndex = 0; path = BobMeokJa.app; sourceTree = BUILT_PRODUCTS_DIR; };
		885B066B23ADA50600A38A82 /* AppDelegate.swift */ = {isa = PBXFileReference; lastKnownFileType = sourcecode.swift; path = AppDelegate.swift; sourceTree = "<group>"; };
		885B066D23ADA50600A38A82 /* SceneDelegate.swift */ = {isa = PBXFileReference; lastKnownFileType = sourcecode.swift; path = SceneDelegate.swift; sourceTree = "<group>"; };
		885B066F23ADA50600A38A82 /* ViewController.swift */ = {isa = PBXFileReference; lastKnownFileType = sourcecode.swift; path = ViewController.swift; sourceTree = "<group>"; };
		885B067223ADA50600A38A82 /* Base */ = {isa = PBXFileReference; lastKnownFileType = file.storyboard; name = Base; path = Base.lproj/Main.storyboard; sourceTree = "<group>"; };
		885B067423ADA50A00A38A82 /* Assets.xcassets */ = {isa = PBXFileReference; lastKnownFileType = folder.assetcatalog; path = Assets.xcassets; sourceTree = "<group>"; };
		885B067723ADA50A00A38A82 /* Base */ = {isa = PBXFileReference; lastKnownFileType = file.storyboard; name = Base; path = Base.lproj/LaunchScreen.storyboard; sourceTree = "<group>"; };
		885B067923ADA50A00A38A82 /* Info.plist */ = {isa = PBXFileReference; lastKnownFileType = text.plist.xml; path = Info.plist; sourceTree = "<group>"; };
/* End PBXFileReference section */

/* Begin PBXFrameworksBuildPhase section */
		885B066523ADA50600A38A82 /* Frameworks */ = {
			isa = PBXFrameworksBuildPhase;
			buildActionMask = 2147483647;
			files = (
			);
			runOnlyForDeploymentPostprocessing = 0;
		};
/* End PBXFrameworksBuildPhase section */

/* Begin PBXGroup section */
		885B065F23ADA50600A38A82 = {
			isa = PBXGroup;
			children = (
				885B066A23ADA50600A38A82 /* BobMeokJa */,
				885B066923ADA50600A38A82 /* Products */,
			);
			sourceTree = "<group>";
		};
		885B066923ADA50600A38A82 /* Products */ = {
			isa = PBXGroup;
			children = (
				885B066823ADA50600A38A82 /* BobMeokJa.app */,
			);
			name = Products;
			sourceTree = "<group>";
		};
		885B066A23ADA50600A38A82 /* BobMeokJa */ = {
			isa = PBXGroup;
			children = (
				885B066B23ADA50600A38A82 /* AppDelegate.swift */,
				885B066D23ADA50600A38A82 /* SceneDelegate.swift */,
				885B068023ADA52800A38A82 /* View */,
				885B067F23ADA51C00A38A82 /* Controller */,
				885B067423ADA50A00A38A82 /* Assets.xcassets */,
				885B067623ADA50A00A38A82 /* LaunchScreen.storyboard */,
				885B067923ADA50A00A38A82 /* Info.plist */,
			);
			path = BobMeokJa;
			sourceTree = "<group>";
		};
		885B067F23ADA51C00A38A82 /* Controller */ = {
			isa = PBXGroup;
			children = (
				885B066F23ADA50600A38A82 /* ViewController.swift */,
			);
			path = Controller;
			sourceTree = "<group>";
		};
		885B068023ADA52800A38A82 /* View */ = {
			isa = PBXGroup;
			children = (
				885B067123ADA50600A38A82 /* Main.storyboard */,
			);
			path = View;
			sourceTree = "<group>";
		};
/* End PBXGroup section */

/* Begin PBXNativeTarget section */
		885B066723ADA50600A38A82 /* BobMeokJa */ = {
			isa = PBXNativeTarget;
			buildConfigurationList = 885B067C23ADA50A00A38A82 /* Build configuration list for PBXNativeTarget "BobMeokJa" */;
			buildPhases = (
				885B066423ADA50600A38A82 /* Sources */,
				885B066523ADA50600A38A82 /* Frameworks */,
				885B066623ADA50600A38A82 /* Resources */,
			);
			buildRules = (
			);
			dependencies = (
			);
			name = BobMeokJa;
			productName = BobMeokJa;
			productReference = 885B066823ADA50600A38A82 /* BobMeokJa.app */;
			productType = "com.apple.product-type.application";
		};
/* End PBXNativeTarget section */

/* Begin PBXProject section */
		885B066023ADA50600A38A82 /* Project object */ = {
			isa = PBXProject;
			attributes = {
				LastSwiftUpdateCheck = 1120;
				LastUpgradeCheck = 1120;
				ORGANIZATIONNAME = "Seungho Baek";
				TargetAttributes = {
					885B066723ADA50600A38A82 = {
						CreatedOnToolsVersion = 11.2;
					};
				};
			};
			buildConfigurationList = 885B066323ADA50600A38A82 /* Build configuration list for PBXProject "BobMeokJa" */;
			compatibilityVersion = "Xcode 9.3";
			developmentRegion = en;
			hasScannedForEncodings = 0;
			knownRegions = (
				en,
				Base,
			);
			mainGroup = 885B065F23ADA50600A38A82;
			productRefGroup = 885B066923ADA50600A38A82 /* Products */;
			projectDirPath = "";
			projectRoot = "";
			targets = (
				885B066723ADA50600A38A82 /* BobMeokJa */,
			);
		};
/* End PBXProject section */

/* Begin PBXResourcesBuildPhase section */
		885B066623ADA50600A38A82 /* Resources */ = {
			isa = PBXResourcesBuildPhase;
			buildActionMask = 2147483647;
			files = (
				885B067823ADA50A00A38A82 /* LaunchScreen.storyboard in Resources */,
				885B067523ADA50A00A38A82 /* Assets.xcassets in Resources */,
				885B067323ADA50600A38A82 /* Main.storyboard in Resources */,
			);
			runOnlyForDeploymentPostprocessing = 0;
		};
/* End PBXResourcesBuildPhase section */

/* Begin PBXSourcesBuildPhase section */
		885B066423ADA50600A38A82 /* Sources */ = {
			isa = PBXSourcesBuildPhase;
			buildActionMask = 2147483647;
			files = (
				885B067023ADA50600A38A82 /* ViewController.swift in Sources */,
				885B066C23ADA50600A38A82 /* AppDelegate.swift in Sources */,
				885B066E23ADA50600A38A82 /* SceneDelegate.swift in Sources */,
			);
			runOnlyForDeploymentPostprocessing = 0;
		};
/* End PBXSourcesBuildPhase section */

/* Begin PBXVariantGroup section */
		885B067123ADA50600A38A82 /* Main.storyboard */ = {
			isa = PBXVariantGroup;
			children = (
				885B067223ADA50600A38A82 /* Base */,
			);
			name = Main.storyboard;
			sourceTree = "<group>";
		};
		885B067623ADA50A00A38A82 /* LaunchScreen.storyboard */ = {
			isa = PBXVariantGroup;
			children = (
				885B067723ADA50A00A38A82 /* Base */,
			);
			name = LaunchScreen.storyboard;
			sourceTree = "<group>";
		};
/* End PBXVariantGroup section */

/* Begin XCBuildConfiguration section */
		885B067A23ADA50A00A38A82 /* Debug */ = {
			isa = XCBuildConfiguration;
			buildSettings = {
				ALWAYS_SEARCH_USER_PATHS = NO;
				CLANG_ANALYZER_NONNULL = YES;
				CLANG_ANALYZER_NUMBER_OBJECT_CONVERSION = YES_AGGRESSIVE;
				CLANG_CXX_LANGUAGE_STANDARD = "gnu++14";
				CLANG_CXX_LIBRARY = "libc++";
				CLANG_ENABLE_MODULES = YES;
				CLANG_ENABLE_OBJC_ARC = YES;
				CLANG_ENABLE_OBJC_WEAK = YES;
				CLANG_WARN_BLOCK_CAPTURE_AUTORELEASING = YES;
				CLANG_WARN_BOOL_CONVERSION = YES;
				CLANG_WARN_COMMA = YES;
				CLANG_WARN_CONSTANT_CONVERSION = YES;
				CLANG_WARN_DEPRECATED_OBJC_IMPLEMENTATIONS = YES;
				CLANG_WARN_DIRECT_OBJC_ISA_USAGE = YES_ERROR;
				CLANG_WARN_DOCUMENTATION_COMMENTS = YES;
				CLANG_WARN_EMPTY_BODY = YES;
				CLANG_WARN_ENUM_CONVERSION = YES;
				CLANG_WARN_INFINITE_RECURSION = YES;
				CLANG_WARN_INT_CONVERSION = YES;
				CLANG_WARN_NON_LITERAL_NULL_CONVERSION = YES;
				CLANG_WARN_OBJC_IMPLICIT_RETAIN_SELF = YES;
				CLANG_WARN_OBJC_LITERAL_CONVERSION = YES;
				CLANG_WARN_OBJC_ROOT_CLASS = YES_ERROR;
				CLANG_WARN_RANGE_LOOP_ANALYSIS = YES;
				CLANG_WARN_STRICT_PROTOTYPES = YES;
				CLANG_WARN_SUSPICIOUS_MOVE = YES;
				CLANG_WARN_UNGUARDED_AVAILABILITY = YES_AGGRESSIVE;
				CLANG_WARN_UNREACHABLE_CODE = YES;
				CLANG_WARN__DUPLICATE_METHOD_MATCH = YES;
				COPY_PHASE_STRIP = NO;
				DEBUG_INFORMATION_FORMAT = dwarf;
				ENABLE_STRICT_OBJC_MSGSEND = YES;
				ENABLE_TESTABILITY = YES;
				GCC_C_LANGUAGE_STANDARD = gnu11;
				GCC_DYNAMIC_NO_PIC = NO;
				GCC_NO_COMMON_BLOCKS = YES;
				GCC_OPTIMIZATION_LEVEL = 0;
				GCC_PREPROCESSOR_DEFINITIONS = (
					"DEBUG=1",
					"$(inherited)",
				);
				GCC_WARN_64_TO_32_BIT_CONVERSION = YES;
				GCC_WARN_ABOUT_RETURN_TYPE = YES_ERROR;
				GCC_WARN_UNDECLARED_SELECTOR = YES;
				GCC_WARN_UNINITIALIZED_AUTOS = YES_AGGRESSIVE;
				GCC_WARN_UNUSED_FUNCTION = YES;
				GCC_WARN_UNUSED_VARIABLE = YES;
				IPHONEOS_DEPLOYMENT_TARGET = 13.2;
				MTL_ENABLE_DEBUG_INFO = INCLUDE_SOURCE;
				MTL_FAST_MATH = YES;
				ONLY_ACTIVE_ARCH = YES;
				SDKROOT = iphoneos;
				SWIFT_ACTIVE_COMPILATION_CONDITIONS = DEBUG;
				SWIFT_OPTIMIZATION_LEVEL = "-Onone";
			};
			name = Debug;
		};
		885B067B23ADA50A00A38A82 /* Release */ = {
			isa = XCBuildConfiguration;
			buildSettings = {
				ALWAYS_SEARCH_USER_PATHS = NO;
				CLANG_ANALYZER_NONNULL = YES;
				CLANG_ANALYZER_NUMBER_OBJECT_CONVERSION = YES_AGGRESSIVE;
				CLANG_CXX_LANGUAGE_STANDARD = "gnu++14";
				CLANG_CXX_LIBRARY = "libc++";
				CLANG_ENABLE_MODULES = YES;
				CLANG_ENABLE_OBJC_ARC = YES;
				CLANG_ENABLE_OBJC_WEAK = YES;
				CLANG_WARN_BLOCK_CAPTURE_AUTORELEASING = YES;
				CLANG_WARN_BOOL_CONVERSION = YES;
				CLANG_WARN_COMMA = YES;
				CLANG_WARN_CONSTANT_CONVERSION = YES;
				CLANG_WARN_DEPRECATED_OBJC_IMPLEMENTATIONS = YES;
				CLANG_WARN_DIRECT_OBJC_ISA_USAGE = YES_ERROR;
				CLANG_WARN_DOCUMENTATION_COMMENTS = YES;
				CLANG_WARN_EMPTY_BODY = YES;
				CLANG_WARN_ENUM_CONVERSION = YES;
				CLANG_WARN_INFINITE_RECURSION = YES;
				CLANG_WARN_INT_CONVERSION = YES;
				CLANG_WARN_NON_LITERAL_NULL_CONVERSION = YES;
				CLANG_WARN_OBJC_IMPLICIT_RETAIN_SELF = YES;
				CLANG_WARN_OBJC_LITERAL_CONVERSION = YES;
				CLANG_WARN_OBJC_ROOT_CLASS = YES_ERROR;
				CLANG_WARN_RANGE_LOOP_ANALYSIS = YES;
				CLANG_WARN_STRICT_PROTOTYPES = YES;
				CLANG_WARN_SUSPICIOUS_MOVE = YES;
				CLANG_WARN_UNGUARDED_AVAILABILITY = YES_AGGRESSIVE;
				CLANG_WARN_UNREACHABLE_CODE = YES;
				CLANG_WARN__DUPLICATE_METHOD_MATCH = YES;
				COPY_PHASE_STRIP = NO;
				DEBUG_INFORMATION_FORMAT = "dwarf-with-dsym";
				ENABLE_NS_ASSERTIONS = NO;
				ENABLE_STRICT_OBJC_MSGSEND = YES;
				GCC_C_LANGUAGE_STANDARD = gnu11;
				GCC_NO_COMMON_BLOCKS = YES;
				GCC_WARN_64_TO_32_BIT_CONVERSION = YES;
				GCC_WARN_ABOUT_RETURN_TYPE = YES_ERROR;
				GCC_WARN_UNDECLARED_SELECTOR = YES;
				GCC_WARN_UNINITIALIZED_AUTOS = YES_AGGRESSIVE;
				GCC_WARN_UNUSED_FUNCTION = YES;
				GCC_WARN_UNUSED_VARIABLE = YES;
				IPHONEOS_DEPLOYMENT_TARGET = 13.2;
				MTL_ENABLE_DEBUG_INFO = NO;
				MTL_FAST_MATH = YES;
				SDKROOT = iphoneos;
				SWIFT_COMPILATION_MODE = wholemodule;
				SWIFT_OPTIMIZATION_LEVEL = "-O";
				VALIDATE_PRODUCT = YES;
			};
			name = Release;
		};
		885B067D23ADA50A00A38A82 /* Debug */ = {
			isa = XCBuildConfiguration;
			buildSettings = {
				ASSETCATALOG_COMPILER_APPICON_NAME = AppIcon;
				CODE_SIGN_STYLE = Automatic;
				DEVELOPMENT_TEAM = GW7UH6P7ST;
				INFOPLIST_FILE = BobMeokJa/Info.plist;
				LD_RUNPATH_SEARCH_PATHS = (
					"$(inherited)",
					"@executable_path/Frameworks",
				);
				PRODUCT_BUNDLE_IDENTIFIER = com.seunghobaek.BobMeokJa;
				PRODUCT_NAME = "$(TARGET_NAME)";
				SWIFT_VERSION = 5.0;
				TARGETED_DEVICE_FAMILY = "1,2";
			};
			name = Debug;
		};
		885B067E23ADA50A00A38A82 /* Release */ = {
			isa = XCBuildConfiguration;
			buildSettings = {
				ASSETCATALOG_COMPILER_APPICON_NAME = AppIcon;
				CODE_SIGN_STYLE = Automatic;
				DEVELOPMENT_TEAM = GW7UH6P7ST;
				INFOPLIST_FILE = BobMeokJa/Info.plist;
				LD_RUNPATH_SEARCH_PATHS = (
					"$(inherited)",
					"@executable_path/Frameworks",
				);
				PRODUCT_BUNDLE_IDENTIFIER = com.seunghobaek.BobMeokJa;
				PRODUCT_NAME = "$(TARGET_NAME)";
				SWIFT_VERSION = 5.0;
				TARGETED_DEVICE_FAMILY = "1,2";
			};
			name = Release;
		};
/* End XCBuildConfiguration section */

/* Begin XCConfigurationList section */
		885B066323ADA50600A38A82 /* Build configuration list for PBXProject "BobMeokJa" */ = {
			isa = XCConfigurationList;
			buildConfigurations = (
				885B067A23ADA50A00A38A82 /* Debug */,
				885B067B23ADA50A00A38A82 /* Release */,
			);
			defaultConfigurationIsVisible = 0;
			defaultConfigurationName = Release;
		};
		885B067C23ADA50A00A38A82 /* Build configuration list for PBXNativeTarget "BobMeokJa" */ = {
			isa = XCConfigurationList;
			buildConfigurations = (
				885B067D23ADA50A00A38A82 /* Debug */,
				885B067E23ADA50A00A38A82 /* Release */,
			);
			defaultConfigurationIsVisible = 0;
			defaultConfigurationName = Release;
		};
/* End XCConfigurationList section */
	};
	rootObject = 885B066023ADA50600A38A82 /* Project object */;
}
